
Microsoft Visual Studio Solution File, Format Version 12.00
# Visual Studio 2012
Project("{FAE04EC0-301F-11D3-BF4B-00C04F79EFBC}") = "OFDRExtractor", "Source\OFDRExtractor\OFDRExtractor.csproj", "{1C75DA1A-26AC-4156-B794-7D8C41F5DED5}"
EndProject
Project("{FAE04EC0-301F-11D3-BF4B-00C04F79EFBC}") = "GUI", "Source\GUI\GUI.csproj", "{E62EA639-7FD8-4655-917C-B31500A0674E}"
EndProject
Project("{2150E333-8FDC-42A3-9474-1A3956D46DE8}") = "Source", "Source", "{69BB78FE-DFB9-48F3-B9F3-FFDE34644202}"
EndProject
Project("{2150E333-8FDC-42A3-9474-1A3956D46DE8}") = "Test", "Test", "{BE49D4B6-A2BD-4414-8F18-6EE7583A7AC0}"
EndProject
Project("{FAE04EC0-301F-11D3-BF4B-00C04F79EFBC}") = "UnitTest", "UnitTest\UnitTest.csproj", "{B37C8614-5796-40BE-B451-C6671461603C}"
EndProject
Project("{FAE04EC0-301F-11D3-BF4B-00C04F79EFBC}") = "Common", "Source\Common\Common.csproj", "{8073CCC5-B114-4ABE-8711-F34A56D65665}"
EndProject
Global
	GlobalSection(SolutionConfigurationPlatforms) = preSolution
		Debug|Any CPU = Debug|Any CPU
		Debug|Mixed Platforms = Debug|Mixed Platforms
		Debug|x86 = Debug|x86
		Release|Any CPU = Release|Any CPU
		Release|Mixed Platforms = Release|Mixed Platforms
		Release|x86 = Release|x86
	EndGlobalSection
	GlobalSection(ProjectConfigurationPlatforms) = postSolution
		{1C75DA1A-26AC-4156-B794-7D8C41F5DED5}.Debug|Any CPU.ActiveCfg = Debug|x86
		{1C75DA1A-26AC-4156-B794-7D8C41F5DED5}.Debug|Mixed Platforms.ActiveCfg = Debug|x86
		{1C75DA1A-26AC-4156-B794-7D8C41F5DED5}.Debug|Mixed Platforms.Build.0 = Debug|x86
		{1C75DA1A-26AC-4156-B794-7D8C41F5DED5}.Debug|x86.ActiveCfg = Debug|x86
		{1C75DA1A-26AC-4156-B794-7D8C41F5DED5}.Debug|x86.Build.0 = Debug|x86
		{1C75DA1A-26AC-4156-B794-7D8C41F5DED5}.Release|Any CPU.ActiveCfg = Release|x86
		{1C75DA1A-26AC-4156-B794-7D8C41F5DED5}.Release|Mixed Platforms.ActiveCfg = Release|x86
		{1C75DA1A-26AC-4156-B794-7D8C41F5DED5}.Release|Mixed Platforms.Build.0 = Release|x86
		{1C75DA1A-26AC-4156-B794-7D8C41F5DED5}.Release|x86.ActiveCfg = Release|x86
		{1C75DA1A-26AC-4156-B794-7D8C41F5DED5}.Release|x86.Build.0 = Release|x86
		{E62EA639-7FD8-4655-917C-B31500A0674E}.Debug|Any CPU.ActiveCfg = Debug|x86
		{E62EA639-7FD8-4655-917C-B31500A0674E}.Debug|Mixed Platforms.ActiveCfg = Debug|x86
		{E62EA639-7FD8-4655-917C-B31500A0674E}.Debug|Mixed Platforms.Build.0 = Debug|x86
		{E62EA639-7FD8-4655-917C-B31500A0674E}.Debug|x86.ActiveCfg = Debug|x86
		{E62EA639-7FD8-4655-917C-B31500A0674E}.Debug|x86.Build.0 = Debug|x86
		{E62EA639-7FD8-4655-917C-B31500A0674E}.Release|Any CPU.ActiveCfg = Release|x86
		{E62EA639-7FD8-4655-917C-B31500A0674E}.Release|Mixed Platforms.ActiveCfg = Release|x86
		{E62EA639-7FD8-4655-917C-B31500A0674E}.Release|Mixed Platforms.Build.0 = Release|x86
		{E62EA639-7FD8-4655-917C-B31500A0674E}.Release|x86.ActiveCfg = Release|x86
		{E62EA639-7FD8-4655-917C-B31500A0674E}.Release|x86.Build.0 = Release|x86
		{B37C8614-5796-40BE-B451-C6671461603C}.Debug|Any CPU.ActiveCfg = Debug|Any CPU
		{B37C8614-5796-40BE-B451-C6671461603C}.Debug|Any CPU.Build.0 = Debug|Any CPU
		{B37C8614-5796-40BE-B451-C6671461603C}.Debug|Mixed Platforms.ActiveCfg = Debug|Any CPU
		{B37C8614-5796-40BE-B451-C6671461603C}.Debug|Mixed Platforms.Build.0 = Debug|Any CPU
		{B37C8614-5796-40BE-B451-C6671461603C}.Debug|x86.ActiveCfg = Debug|Any CPU
		{B37C8614-5796-40BE-B451-C6671461603C}.Release|Any CPU.ActiveCfg = Release|Any CPU
		{B37C8614-5796-40BE-B451-C6671461603C}.Release|Any CPU.Build.0 = Release|Any CPU
		{B37C8614-5796-40BE-B451-C6671461603C}.Release|Mixed Platforms.ActiveCfg = Release|Any CPU
		{B37C8614-5796-40BE-B451-C6671461603C}.Release|Mixed Platforms.Build.0 = Release|Any CPU
		{B37C8614-5796-40BE-B451-C6671461603C}.Release|x86.ActiveCfg = Release|Any CPU
		{8073CCC5-B114-4ABE-8711-F34A56D65665}.Debug|Any CPU.ActiveCfg = Debug|Any CPU
		{8073CCC5-B114-4ABE-8711-F34A56D65665}.Debug|Any CPU.Build.0 = Debug|Any CPU
		{8073CCC5-B114-4ABE-8711-F34A56D65665}.Debug|Mixed Platforms.ActiveCfg = Debug|Any CPU
		{8073CCC5-B114-4ABE-8711-F34A56D65665}.Debug|Mixed Platforms.Build.0 = Debug|Any CPU
		{8073CCC5-B114-4ABE-8711-F34A56D65665}.Debug|x86.ActiveCfg = Debug|Any CPU
		{8073CCC5-B114-4ABE-8711-F34A56D65665}.Release|Any CPU.ActiveCfg = Release|Any CPU
		{8073CCC5-B114-4ABE-8711-F34A56D65665}.Release|Any CPU.Build.0 = Release|Any CPU
		{8073CCC5-B114-4ABE-8711-F34A56D65665}.Release|Mixed Platforms.ActiveCfg = Release|Any CPU
		{8073CCC5-B114-4ABE-8711-F34A56D65665}.Release|Mixed Platforms.Build.0 = Release|Any CPU
		{8073CCC5-B114-4ABE-8711-F34A56D65665}.Release|x86.ActiveCfg = Release|Any CPU
	EndGlobalSection
	GlobalSection(SolutionProperties) = preSolution
		HideSolutionNode = FALSE
	EndGlobalSection
	GlobalSection(NestedProjects) = preSolution
		{1C75DA1A-26AC-4156-B794-7D8C41F5DED5} = {69BB78FE-DFB9-48F3-B9F3-FFDE34644202}
		{E62EA639-7FD8-4655-917C-B31500A0674E} = {69BB78FE-DFB9-48F3-B9F3-FFDE34644202}
		{8073CCC5-B114-4ABE-8711-F34A56D65665} = {69BB78FE-DFB9-48F3-B9F3-FFDE34644202}
		{B37C8614-5796-40BE-B451-C6671461603C} = {BE49D4B6-A2BD-4414-8F18-6EE7583A7AC0}
	EndGlobalSection
EndGlobal
